{
    "name": "react-native-snap-carousel",
    "version": "3.7.4",
    "lockfileVersion": 1,
    "requires": true,
    "dependencies": {
        "balanced-match": {
            "version": "1.0.0",
            "resolved": "https://registry.npmjs.org/balanced-match/-/balanced-match-1.0.0.tgz",
            "integrity": "sha1-ibTRmasr7kneFk6gK4nORi1xt2c=",
            "dev": true
        },
        "brace-expansion": {
            "version": "1.1.8",
            "resolved": "https://registry.npmjs.org/brace-expansion/-/brace-expansion-1.1.8.tgz",
            "integrity": "sha1-wHshHHyVLsH479Uad+8NHTmQopI=",
            "dev": true,
            "requires": {
                "balanced-match": "1.0.0",
                "concat-map": "0.0.1"
            }
        },
        "concat-map": {
            "version": "0.0.1",
            "resolved": "https://registry.npmjs.org/concat-map/-/concat-map-0.0.1.tgz",
            "integrity": "sha1-2Klr13/Wjfd5OnMDajug1UBdR3s=",
            "dev": true
        },
        "eslint-config-standard": {
            "version": "10.2.1",
            "resolved": "https://registry.npmjs.org/eslint-config-standard/-/eslint-config-standard-10.2.1.tgz",
            "integrity": "sha1-wGHk0GbzedwXzVYsZOgZtN1FRZE=",
            "dev": true
        },
        "eslint-config-standard-jsx": {
            "version": "4.0.1",
            "resolved": "https://registry.npmjs.org/eslint-config-standard-jsx/-/eslint-config-standard-jsx-4.0.1.tgz",
            "integrity": "sha1-zU5GPQJo4tnnB/YfQvc/WzMzxkI=",
            "dev": true
        },
        "eslint-config-standard-react": {
            "version": "5.0.0",
            "resolved": "https://registry.npmjs.org/eslint-config-standard-react/-/eslint-config-standard-react-5.0.0.tgz",
            "integrity": "sha1-ZMe4FAFyhSvoEKU9SO6HZJ/xeOM=",
            "dev": true,
            "requires": {
                "eslint-config-standard-jsx": "4.0.1"
            }
        },
        "eslint-plugin-node": {
            "version": "5.2.1",
            "resolved": "https://registry.npmjs.org/eslint-plugin-node/-/eslint-plugin-node-5.2.1.tgz",
            "integrity": "sha512-xhPXrh0Vl/b7870uEbaumb2Q+LxaEcOQ3kS1jtIXanBAwpMre1l5q/l2l/hESYJGEFKuI78bp6Uw50hlpr7B+g==",
            "dev": true,
            "requires": {
                "ignore": "3.3.7",
                "minimatch": "3.0.4",
                "resolve": "1.5.0",
                "semver": "5.3.0"
            },
            "dependencies": {
                "semver": {
                    "version": "5.3.0",
                    "resolved": "https://registry.npmjs.org/semver/-/semver-5.3.0.tgz",
                    "integrity": "sha1-myzl094C0XxgEq0yaqa00M9U+U8=",
                    "dev": true
                }
            }
        },
        "eslint-plugin-standard": {
            "version": "3.0.1",
            "resolved": "https://registry.npmjs.org/eslint-plugin-standard/-/eslint-plugin-standard-3.0.1.tgz",
            "integrity": "sha1-NNDJFbRe3G8BA5PH7vOCOwhWXPI=",
            "dev": true
        },
        "ignore": {
            "version": "3.3.7",
            "resolved": "https://registry.npmjs.org/ignore/-/ignore-3.3.7.tgz",
            "integrity": "sha512-YGG3ejvBNHRqu0559EOxxNFihD0AjpvHlC/pdGKd3X3ofe+CoJkYazwNJYTNebqpPKN+VVQbh4ZFn1DivMNuHA==",
            "dev": true
        },
        "minimatch": {
            "version": "3.0.4",
            "resolved": "https://registry.npmjs.org/minimatch/-/minimatch-3.0.4.tgz",
            "integrity": "sha512-yJHVQEhyqPLUTgt9B83PXu6W3rx4MvvHvSUvToogpwoGDOUQ+yDrR0HRot+yOCdCO7u4hX3pWft6kWBBcqh0UA==",
            "dev": true,
            "requires": {
                "brace-expansion": "1.1.8"
            }
        },
        "object-assign": {
            "version": "4.1.0",
            "resolved": "https://registry.npmjs.org/object-assign/-/object-assign-4.1.0.tgz",
            "integrity": "sha1-ejs9DpgGPUP0wD8uiubNUahog6A="
        },
        "path-parse": {
            "version": "1.0.5",
            "resolved": "https://registry.npmjs.org/path-parse/-/path-parse-1.0.5.tgz",
            "integrity": "sha1-PBrfhx6pzWyUMbbqK9dKD/BVxME=",
            "dev": true
        },
        "react-addons-shallow-compare": {
            "version": "15.6.3",
            "resolved": "https://registry.npmjs.org/react-addons-shallow-compare/-/react-addons-shallow-compare-15.6.3.tgz",
            "integrity": "sha512-EDJbgKTtGRLhr3wiGDXK/+AEJ59yqGS+tKE6mue0aNXT6ZMR7VJbbzIiT6akotmHg1BLj46ElJSb+NBMp80XBg==",
            "requires": {
                "object-assign": "^4.1.0"
            }
        },
        "resolve": {
            "version": "1.5.0",
            "resolved": "https://registry.npmjs.org/resolve/-/resolve-1.5.0.tgz",
            "integrity": "sha512-hgoSGrc3pjzAPHNBg+KnFcK2HwlHTs/YrAGUr6qgTVUZmXv1UEXXl0bZNBKMA9fud6lRYFdPGz0xXxycPzmmiw==",
            "dev": true,
            "requires": {
                "path-parse": "1.0.5"
            }
        }
    }
}
